github.com/BurntSushi/toml v1.6.0 h1:dRaEfpa2VI55EwlIW72hMRHdWouJeRF7TPYhI+AUQjk=
github.com/BurntSushi/toml v1.6.0/go.mod h1:ukJfTF/6rtPPRCnwkur4qwRxa8vTRFBF0uk2lLoLwho=
github.com/coder/websocket v1.8.15 h1:6B2JPeOGlpff2Uz6vOEH1Vzpi0iUz20A+lPVhPHtNUA=
github.com/coder/websocket v1.8.15/go.mod h1:NX3SzP+inril6yawo5CQXx8+fk145lPDC6pumgx0mVg=
github.com/tigersoldier/pi-gateway v0.1.2 h1:z8wlUgJRGDZeHDv1JWVwBbl3VtzdEPe/u3FGrE3bu8k=
github.com/tigersoldier/pi-gateway v0.1.2/go.mod h1:AUrogYuVFlqECzXUqdqOOnRXGkoANKNO+582Hvz0sYA=
